
Microsoft Visual Studio Solution File, Format Version 12.00
# Visual Studio Version 17
VisualStudioVersion = 17.3.32804.467
MinimumVisualStudioVersion = 10.0.40219.1
Project("{9A19103F-16F7-4668-BE54-9A1E7A4F7556}") = "Business", "Business\Business.csproj", "{2173DF6E-E870-4B80-A36F-0AF312155342}"
EndProject
Project("{9A19103F-16F7-4668-BE54-9A1E7A4F7556}") = "Entities", "Entities\Entities.csproj", "{BA56C98F-BA72-4A48-9F9F-5B48CA10D501}"
EndProject
Project("{9A19103F-16F7-4668-BE54-9A1E7A4F7556}") = "DataAccess", "DataAccess\DataAccess.csproj", "{00499BAD-1826-4A94-BE12-2D9134BB5D62}"
EndProject
Project("{9A19103F-16F7-4668-BE54-9A1E7A4F7556}") = "Core", "Core\Core.csproj", "{8E0C6E41-B7F2-4356-BD0F-B169343EEF6E}"
EndProject
Project("{9A19103F-16F7-4668-BE54-9A1E7A4F7556}") = "ConsoleUI", "ConsoleUI\ConsoleUI.csproj", "{FDAA48F5-44A1-47EB-B032-11B8B4F5F2C7}"
EndProject
Project("{FAE04EC0-301F-11D3-BF4B-00C04F79EFBC}") = "WebAPI", "WebAPI\WebAPI.csproj", "{0198B1EA-7AC9-4024-94A8-091AC5DF9E0C}"
EndProject
Global
	GlobalSection(SolutionConfigurationPlatforms) = preSolution
		Debug|Any CPU = Debug|Any CPU
		Release|Any CPU = Release|Any CPU
	EndGlobalSection
	GlobalSection(ProjectConfigurationPlatforms) = postSolution
		{2173DF6E-E870-4B80-A36F-0AF312155342}.Debug|Any CPU.ActiveCfg = Debug|Any CPU
		{2173DF6E-E870-4B80-A36F-0AF312155342}.Debug|Any CPU.Build.0 = Debug|Any CPU
		{2173DF6E-E870-4B80-A36F-0AF312155342}.Release|Any CPU.ActiveCfg = Release|Any CPU
		{2173DF6E-E870-4B80-A36F-0AF312155342}.Release|Any CPU.Build.0 = Release|Any CPU
		{BA56C98F-BA72-4A48-9F9F-5B48CA10D501}.Debug|Any CPU.ActiveCfg = Debug|Any CPU
		{BA56C98F-BA72-4A48-9F9F-5B48CA10D501}.Debug|Any CPU.Build.0 = Debug|Any CPU
		{BA56C98F-BA72-4A48-9F9F-5B48CA10D501}.Release|Any CPU.ActiveCfg = Release|Any CPU
		{BA56C98F-BA72-4A48-9F9F-5B48CA10D501}.Release|Any CPU.Build.0 = Release|Any CPU
		{00499BAD-1826-4A94-BE12-2D9134BB5D62}.Debug|Any CPU.ActiveCfg = Debug|Any CPU
		{00499BAD-1826-4A94-BE12-2D9134BB5D62}.Debug|Any CPU.Build.0 = Debug|Any CPU
		{00499BAD-1826-4A94-BE12-2D9134BB5D62}.Release|Any CPU.ActiveCfg = Release|Any CPU
		{00499BAD-1826-4A94-BE12-2D9134BB5D62}.Release|Any CPU.Build.0 = Release|Any CPU
		{8E0C6E41-B7F2-4356-BD0F-B169343EEF6E}.Debug|Any CPU.ActiveCfg = Debug|Any CPU
		{8E0C6E41-B7F2-4356-BD0F-B169343EEF6E}.Debug|Any CPU.Build.0 = Debug|Any CPU
		{8E0C6E41-B7F2-4356-BD0F-B169343EEF6E}.Release|Any CPU.ActiveCfg = Release|Any CPU
		{8E0C6E41-B7F2-4356-BD0F-B169343EEF6E}.Release|Any CPU.Build.0 = Release|Any CPU
		{FDAA48F5-44A1-47EB-B032-11B8B4F5F2C7}.Debug|Any CPU.ActiveCfg = Debug|Any CPU
		{FDAA48F5-44A1-47EB-B032-11B8B4F5F2C7}.Debug|Any CPU.Build.0 = Debug|Any CPU
		{FDAA48F5-44A1-47EB-B032-11B8B4F5F2C7}.Release|Any CPU.ActiveCfg = Release|Any CPU
		{FDAA48F5-44A1-47EB-B032-11B8B4F5F2C7}.Release|Any CPU.Build.0 = Release|Any CPU
		{0198B1EA-7AC9-4024-94A8-091AC5DF9E0C}.Debug|Any CPU.ActiveCfg = Debug|Any CPU
		{0198B1EA-7AC9-4024-94A8-091AC5DF9E0C}.Debug|Any CPU.Build.0 = Debug|Any CPU
		{0198B1EA-7AC9-4024-94A8-091AC5DF9E0C}.Release|Any CPU.ActiveCfg = Release|Any CPU
		{0198B1EA-7AC9-4024-94A8-091AC5DF9E0C}.Release|Any CPU.Build.0 = Release|Any CPU
	EndGlobalSection
	GlobalSection(SolutionProperties) = preSolution
		HideSolutionNode = FALSE
	EndGlobalSection
	GlobalSection(ExtensibilityGlobals) = postSolution
		SolutionGuid = {03024BDF-1BA6-4492-BB28-C7465AC6D480}
	EndGlobalSection
EndGlobal
